
Microsoft Visual Studio Solution File, Format Version 12.00
# Visual Studio 15
VisualStudioVersion = 15.0.28307.539
MinimumVisualStudioVersion = 10.0.40219.1
Project("{9A19103F-16F7-4668-BE54-9A1E7A4F7556}") = "ALaCart", "alacart\ALaCart.csproj", "{0D9BBCC5-EFB2-4A8D-B112-31268C9915AB}"
	ProjectSection(ProjectDependencies) = postProject
		{90E7D3B4-4122-47DD-B90A-5593DC07EC80} = {90E7D3B4-4122-47DD-B90A-5593DC07EC80}
	EndProjectSection
EndProject
Project("{9A19103F-16F7-4668-BE54-9A1E7A4F7556}") = "ALaCart.Models", "ALaCart.Models\ALaCart.Models.csproj", "{90E7D3B4-4122-47DD-B90A-5593DC07EC80}"
EndProject
Project("{9A19103F-16F7-4668-BE54-9A1E7A4F7556}") = "ALaCart.Data", "ALaCart.Data\ALaCart.Data.csproj", "{46D1D76D-4861-489F-B5A4-08EE3E746DE2}"
EndProject
Project("{9A19103F-16F7-4668-BE54-9A1E7A4F7556}") = "ALaCart.Service", "ALaCart.Service\ALaCart.Service.csproj", "{61567375-2CF4-4AEB-98C0-D9EDF5529F64}"
EndProject
Global
	GlobalSection(SolutionConfigurationPlatforms) = preSolution
		Debug|Any CPU = Debug|Any CPU
		Release|Any CPU = Release|Any CPU
	EndGlobalSection
	GlobalSection(ProjectConfigurationPlatforms) = postSolution
		{0D9BBCC5-EFB2-4A8D-B112-31268C9915AB}.Debug|Any CPU.ActiveCfg = Debug|Any CPU
		{0D9BBCC5-EFB2-4A8D-B112-31268C9915AB}.Debug|Any CPU.Build.0 = Debug|Any CPU
		{0D9BBCC5-EFB2-4A8D-B112-31268C9915AB}.Release|Any CPU.ActiveCfg = Release|Any CPU
		{0D9BBCC5-EFB2-4A8D-B112-31268C9915AB}.Release|Any CPU.Build.0 = Release|Any CPU
		{90E7D3B4-4122-47DD-B90A-5593DC07EC80}.Debug|Any CPU.ActiveCfg = Debug|Any CPU
		{90E7D3B4-4122-47DD-B90A-5593DC07EC80}.Debug|Any CPU.Build.0 = Debug|Any CPU
		{90E7D3B4-4122-47DD-B90A-5593DC07EC80}.Release|Any CPU.ActiveCfg = Release|Any CPU
		{90E7D3B4-4122-47DD-B90A-5593DC07EC80}.Release|Any CPU.Build.0 = Release|Any CPU
		{46D1D76D-4861-489F-B5A4-08EE3E746DE2}.Debug|Any CPU.ActiveCfg = Debug|Any CPU
		{46D1D76D-4861-489F-B5A4-08EE3E746DE2}.Debug|Any CPU.Build.0 = Debug|Any CPU
		{46D1D76D-4861-489F-B5A4-08EE3E746DE2}.Release|Any CPU.ActiveCfg = Release|Any CPU
		{46D1D76D-4861-489F-B5A4-08EE3E746DE2}.Release|Any CPU.Build.0 = Release|Any CPU
		{61567375-2CF4-4AEB-98C0-D9EDF5529F64}.Debug|Any CPU.ActiveCfg = Debug|Any CPU
		{61567375-2CF4-4AEB-98C0-D9EDF5529F64}.Debug|Any CPU.Build.0 = Debug|Any CPU
		{61567375-2CF4-4AEB-98C0-D9EDF5529F64}.Release|Any CPU.ActiveCfg = Release|Any CPU
		{61567375-2CF4-4AEB-98C0-D9EDF5529F64}.Release|Any CPU.Build.0 = Release|Any CPU
	EndGlobalSection
	GlobalSection(SolutionProperties) = preSolution
		HideSolutionNode = FALSE
	EndGlobalSection
	GlobalSection(ExtensibilityGlobals) = postSolution
		SolutionGuid = {BDF2C9A0-C2A0-4F7A-9C8D-8150B4FA0BE2}
	EndGlobalSection
EndGlobal
