
Microsoft Visual Studio Solution File, Format Version 12.00
# Visual Studio 15
VisualStudioVersion = 15.0.28307.539
MinimumVisualStudioVersion = 10.0.40219.1
Project("{FAE04EC0-301F-11D3-BF4B-00C04F79EFBC}") = "alacart", "alacart\alacart.csproj", "{0D9BBCC5-EFB2-4A8D-B112-31268C9915AB}"
EndProject
Project("{FAE04EC0-301F-11D3-BF4B-00C04F79EFBC}") = "ALaCart.Models", "ALaCart.Models\ALaCart.Models.csproj", "{90E7D3B4-4122-47DD-B90A-5593DC07EC80}"
EndProject
Global
	GlobalSection(SolutionConfigurationPlatforms) = preSolution
		Debug|Any CPU = Debug|Any CPU
		Release|Any CPU = Release|Any CPU
	EndGlobalSection
	GlobalSection(ProjectConfigurationPlatforms) = postSolution
		{0D9BBCC5-EFB2-4A8D-B112-31268C9915AB}.Debug|Any CPU.ActiveCfg = Debug|Any CPU
		{0D9BBCC5-EFB2-4A8D-B112-31268C9915AB}.Debug|Any CPU.Build.0 = Debug|Any CPU
		{0D9BBCC5-EFB2-4A8D-B112-31268C9915AB}.Release|Any CPU.ActiveCfg = Release|Any CPU
		{0D9BBCC5-EFB2-4A8D-B112-31268C9915AB}.Release|Any CPU.Build.0 = Release|Any CPU
		{90E7D3B4-4122-47DD-B90A-5593DC07EC80}.Debug|Any CPU.ActiveCfg = Debug|Any CPU
		{90E7D3B4-4122-47DD-B90A-5593DC07EC80}.Debug|Any CPU.Build.0 = Debug|Any CPU
		{90E7D3B4-4122-47DD-B90A-5593DC07EC80}.Release|Any CPU.ActiveCfg = Release|Any CPU
		{90E7D3B4-4122-47DD-B90A-5593DC07EC80}.Release|Any CPU.Build.0 = Release|Any CPU
	EndGlobalSection
	GlobalSection(SolutionProperties) = preSolution
		HideSolutionNode = FALSE
	EndGlobalSection
	GlobalSection(ExtensibilityGlobals) = postSolution
		SolutionGuid = {BDF2C9A0-C2A0-4F7A-9C8D-8150B4FA0BE2}
	EndGlobalSection
EndGlobal
